// !$*UTF8*$!
{
	archiveVersion = 1;
	classes = {
	};
	objectVersion = 46;
	objects = {

/* Begin PBXBuildFile section */
		1C4C6AB8747BCA291F316878 /* Pods_Shake.framework in Frameworks */ = {isa = PBXBuildFile; fileRef = AFF043A7DFB50B25B140AED8 /* Pods_Shake.framework */; };
		342119751DC52C8900683982 /* DetailView.swift in Sources */ = {isa = PBXBuildFile; fileRef = 342119741DC52C8900683982 /* DetailView.swift */; };
		3459C2131E346DC2001DCDEC /* GoogleSearch.swift in Sources */ = {isa = PBXBuildFile; fileRef = 3459C2121E346DC2001DCDEC /* GoogleSearch.swift */; };
		3484E0D81D9C49C100038F25 /* GPlace.xib in Resources */ = {isa = PBXBuildFile; fileRef = 3484E0D71D9C49C100038F25 /* GPlace.xib */; };
		3484E0DA1D9DA7DF00038F25 /* CosmosDistrib.swift in Sources */ = {isa = PBXBuildFile; fileRef = 3484E0D91D9DA7DF00038F25 /* CosmosDistrib.swift */; };
		349BB1131DB191DD0070695E /* SanFranciscoFont-master in Resources */ = {isa = PBXBuildFile; fileRef = 349BB1121DB191DD0070695E /* SanFranciscoFont-master */; };
		349BB1291DB191F80070695E /* SanFranciscoDisplay-Black.otf in Resources */ = {isa = PBXBuildFile; fileRef = 349BB1141DB191F80070695E /* SanFranciscoDisplay-Black.otf */; };
		349BB12A1DB191F80070695E /* SanFranciscoDisplay-Bold.otf in Resources */ = {isa = PBXBuildFile; fileRef = 349BB1151DB191F80070695E /* SanFranciscoDisplay-Bold.otf */; };
		349BB12B1DB191F80070695E /* SanFranciscoDisplay-Heavy.otf in Resources */ = {isa = PBXBuildFile; fileRef = 349BB1161DB191F80070695E /* SanFranciscoDisplay-Heavy.otf */; };
		349BB12C1DB191F80070695E /* SanFranciscoDisplay-Light.otf in Resources */ = {isa = PBXBuildFile; fileRef = 349BB1171DB191F80070695E /* SanFranciscoDisplay-Light.otf */; };
		349BB12D1DB191F80070695E /* SanFranciscoDisplay-Medium.otf in Resources */ = {isa = PBXBuildFile; fileRef = 349BB1181DB191F80070695E /* SanFranciscoDisplay-Medium.otf */; };
		349BB12E1DB191F80070695E /* SanFranciscoDisplay-Regular.otf in Resources */ = {isa = PBXBuildFile; fileRef = 349BB1191DB191F80070695E /* SanFranciscoDisplay-Regular.otf */; };
		349BB12F1DB191F80070695E /* SanFranciscoDisplay-Semibold.otf in Resources */ = {isa = PBXBuildFile; fileRef = 349BB11A1DB191F80070695E /* SanFranciscoDisplay-Semibold.otf */; };
		349BB1301DB191F80070695E /* SanFranciscoDisplay-Thin.otf in Resources */ = {isa = PBXBuildFile; fileRef = 349BB11B1DB191F80070695E /* SanFranciscoDisplay-Thin.otf */; };
		349BB1311DB191F80070695E /* SanFranciscoDisplay-Ultralight.otf in Resources */ = {isa = PBXBuildFile; fileRef = 349BB11C1DB191F80070695E /* SanFranciscoDisplay-Ultralight.otf */; };
		349BB1321DB191F80070695E /* SanFranciscoText-Bold.otf in Resources */ = {isa = PBXBuildFile; fileRef = 349BB11D1DB191F80070695E /* SanFranciscoText-Bold.otf */; };
		349BB1331DB191F80070695E /* SanFranciscoText-BoldItalic.otf in Resources */ = {isa = PBXBuildFile; fileRef = 349BB11E1DB191F80070695E /* SanFranciscoText-BoldItalic.otf */; };
		349BB1341DB191F80070695E /* SanFranciscoText-Heavy.otf in Resources */ = {isa = PBXBuildFile; fileRef = 349BB11F1DB191F80070695E /* SanFranciscoText-Heavy.otf */; };
		349BB1351DB191F80070695E /* SanFranciscoText-HeavyItalic.otf in Resources */ = {isa = PBXBuildFile; fileRef = 349BB1201DB191F80070695E /* SanFranciscoText-HeavyItalic.otf */; };
		349BB1361DB191F80070695E /* SanFranciscoText-Light.otf in Resources */ = {isa = PBXBuildFile; fileRef = 349BB1211DB191F80070695E /* SanFranciscoText-Light.otf */; };
		349BB1371DB191F80070695E /* SanFranciscoText-LightItalic.otf in Resources */ = {isa = PBXBuildFile; fileRef = 349BB1221DB191F80070695E /* SanFranciscoText-LightItalic.otf */; };
		349BB1381DB191F80070695E /* SanFranciscoText-Medium.otf in Resources */ = {isa = PBXBuildFile; fileRef = 349BB1231DB191F80070695E /* SanFranciscoText-Medium.otf */; };
		349BB1391DB191F80070695E /* SanFranciscoText-MediumItalic.otf in Resources */ = {isa = PBXBuildFile; fileRef = 349BB1241DB191F80070695E /* SanFranciscoText-MediumItalic.otf */; };
		349BB13A1DB191F80070695E /* SanFranciscoText-Regular.otf in Resources */ = {isa = PBXBuildFile; fileRef = 349BB1251DB191F80070695E /* SanFranciscoText-Regular.otf */; };
		349BB13B1DB191F80070695E /* SanFranciscoText-RegularItalic.otf in Resources */ = {isa = PBXBuildFile; fileRef = 349BB1261DB191F80070695E /* SanFranciscoText-RegularItalic.otf */; };
		349BB13C1DB191F80070695E /* SanFranciscoText-Semibold.otf in Resources */ = {isa = PBXBuildFile; fileRef = 349BB1271DB191F80070695E /* SanFranciscoText-Semibold.otf */; };
		349BB13D1DB191F80070695E /* SanFranciscoText-SemiboldItalic.otf in Resources */ = {isa = PBXBuildFile; fileRef = 349BB1281DB191F80070695E /* SanFranciscoText-SemiboldItalic.otf */; };
		34D83D821DC289C8005A3EFC /* TypePicker.xib in Resources */ = {isa = PBXBuildFile; fileRef = 34D83D811DC289C8005A3EFC /* TypePicker.xib */; };
		34D83D841DC28B4A005A3EFC /* TypePicker.swift in Sources */ = {isa = PBXBuildFile; fileRef = 34D83D831DC28B4A005A3EFC /* TypePicker.swift */; };
		E72B55321CFD749B000CD07E /* Reachability.swift in Sources */ = {isa = PBXBuildFile; fileRef = E72B55311CFD749B000CD07E /* Reachability.swift */; };
		E75034941CFBA18A003F5625 /* Helper.swift in Sources */ = {isa = PBXBuildFile; fileRef = E75034931CFBA18A003F5625 /* Helper.swift */; };
		E75034961CFBAFC3003F5625 /* DestinationViewController.swift in Sources */ = {isa = PBXBuildFile; fileRef = E75034951CFBAFC3003F5625 /* DestinationViewController.swift */; };
		E7A843191D0CE6AA0061C535 /* LocationView.swift in Sources */ = {isa = PBXBuildFile; fileRef = E7A843181D0CE6AA0061C535 /* LocationView.swift */; };
		E7F7CEA31CFB8EAA00BA7F1D /* AppDelegate.swift in Sources */ = {isa = PBXBuildFile; fileRef = E7F7CEA21CFB8EAA00BA7F1D /* AppDelegate.swift */; };
		E7F7CEA51CFB8EAA00BA7F1D /* ViewController.swift in Sources */ = {isa = PBXBuildFile; fileRef = E7F7CEA41CFB8EAA00BA7F1D /* ViewController.swift */; };
		E7F7CEA81CFB8EAA00BA7F1D /* Main.storyboard in Resources */ = {isa = PBXBuildFile; fileRef = E7F7CEA61CFB8EAA00BA7F1D /* Main.storyboard */; };
		E7F7CEAB1CFB8EAA00BA7F1D /* Shake.xcdatamodeld in Sources */ = {isa = PBXBuildFile; fileRef = E7F7CEA91CFB8EAA00BA7F1D /* Shake.xcdatamodeld */; };
		E7F7CEAD1CFB8EAA00BA7F1D /* Assets.xcassets in Resources */ = {isa = PBXBuildFile; fileRef = E7F7CEAC1CFB8EAA00BA7F1D /* Assets.xcassets */; };
		E7F7CEB01CFB8EAA00BA7F1D /* LaunchScreen.storyboard in Resources */ = {isa = PBXBuildFile; fileRef = E7F7CEAE1CFB8EAA00BA7F1D /* LaunchScreen.storyboard */; };
/* End PBXBuildFile section */

/* Begin PBXFileReference section */
		342119741DC52C8900683982 /* DetailView.swift */ = {isa = PBXFileReference; fileEncoding = 4; lastKnownFileType = sourcecode.swift; path = DetailView.swift; sourceTree = "<group>"; };
		3459C2121E346DC2001DCDEC /* GoogleSearch.swift */ = {isa = PBXFileReference; fileEncoding = 4; lastKnownFileType = sourcecode.swift; path = GoogleSearch.swift; sourceTree = "<group>"; };
		3484E0D71D9C49C100038F25 /* GPlace.xib */ = {isa = PBXFileReference; fileEncoding = 4; lastKnownFileType = file.xib; path = GPlace.xib; sourceTree = "<group>"; };
		3484E0D91D9DA7DF00038F25 /* CosmosDistrib.swift */ = {isa = PBXFileReference; fileEncoding = 4; lastKnownFileType = sourcecode.swift; path = CosmosDistrib.swift; sourceTree = "<group>"; };
		349BB1121DB191DD0070695E /* SanFranciscoFont-master */ = {isa = PBXFileReference; lastKnownFileType = folder; name = "SanFranciscoFont-master"; path = "Shake/SanFranciscoFont-master"; sourceTree = "<group>"; };
		349BB1141DB191F80070695E /* SanFranciscoDisplay-Black.otf */ = {isa = PBXFileReference; lastKnownFileType = file; name = "SanFranciscoDisplay-Black.otf"; path = "Shake/SanFranciscoFont-master/SanFranciscoDisplay-Black.otf"; sourceTree = "<group>"; };
		349BB1151DB191F80070695E /* SanFranciscoDisplay-Bold.otf */ = {isa = PBXFileReference; lastKnownFileType = file; name = "SanFranciscoDisplay-Bold.otf"; path = "Shake/SanFranciscoFont-master/SanFranciscoDisplay-Bold.otf"; sourceTree = "<group>"; };
		349BB1161DB191F80070695E /* SanFranciscoDisplay-Heavy.otf */ = {isa = PBXFileReference; lastKnownFileType = file; name = "SanFranciscoDisplay-Heavy.otf"; path = "Shake/SanFranciscoFont-master/SanFranciscoDisplay-Heavy.otf"; sourceTree = "<group>"; };
		349BB1171DB191F80070695E /* SanFranciscoDisplay-Light.otf */ = {isa = PBXFileReference; lastKnownFileType = file; name = "SanFranciscoDisplay-Light.otf"; path = "Shake/SanFranciscoFont-master/SanFranciscoDisplay-Light.otf"; sourceTree = "<group>"; };
		349BB1181DB191F80070695E /* SanFranciscoDisplay-Medium.otf */ = {isa = PBXFileReference; lastKnownFileType = file; name = "SanFranciscoDisplay-Medium.otf"; path = "Shake/SanFranciscoFont-master/SanFranciscoDisplay-Medium.otf"; sourceTree = "<group>"; };
		349BB1191DB191F80070695E /* SanFranciscoDisplay-Regular.otf */ = {isa = PBXFileReference; lastKnownFileType = file; name = "SanFranciscoDisplay-Regular.otf"; path = "Shake/SanFranciscoFont-master/SanFranciscoDisplay-Regular.otf"; sourceTree = "<group>"; };
		349BB11A1DB191F80070695E /* SanFranciscoDisplay-Semibold.otf */ = {isa = PBXFileReference; lastKnownFileType = file; name = "SanFranciscoDisplay-Semibold.otf"; path = "Shake/SanFranciscoFont-master/SanFranciscoDisplay-Semibold.otf"; sourceTree = "<group>"; };
		349BB11B1DB191F80070695E /* SanFranciscoDisplay-Thin.otf */ = {isa = PBXFileReference; lastKnownFileType = file; name = "SanFranciscoDisplay-Thin.otf"; path = "Shake/SanFranciscoFont-master/SanFranciscoDisplay-Thin.otf"; sourceTree = "<group>"; };
		349BB11C1DB191F80070695E /* SanFranciscoDisplay-Ultralight.otf */ = {isa = PBXFileReference; lastKnownFileType = file; name = "SanFranciscoDisplay-Ultralight.otf"; path = "Shake/SanFranciscoFont-master/SanFranciscoDisplay-Ultralight.otf"; sourceTree = "<group>"; };
		349BB11D1DB191F80070695E /* SanFranciscoText-Bold.otf */ = {isa = PBXFileReference; lastKnownFileType = file; name = "SanFranciscoText-Bold.otf"; path = "Shake/SanFranciscoFont-master/SanFranciscoText-Bold.otf"; sourceTree = "<group>"; };
		349BB11E1DB191F80070695E /* SanFranciscoText-BoldItalic.otf */ = {isa = PBXFileReference; lastKnownFileType = file; name = "SanFranciscoText-BoldItalic.otf"; path = "Shake/SanFranciscoFont-master/SanFranciscoText-BoldItalic.otf"; sourceTree = "<group>"; };
		349BB11F1DB191F80070695E /* SanFranciscoText-Heavy.otf */ = {isa = PBXFileReference; lastKnownFileType = file; name = "SanFranciscoText-Heavy.otf"; path = "Shake/SanFranciscoFont-master/SanFranciscoText-Heavy.otf"; sourceTree = "<group>"; };
		349BB1201DB191F80070695E /* SanFranciscoText-HeavyItalic.otf */ = {isa = PBXFileReference; lastKnownFileType = file; name = "SanFranciscoText-HeavyItalic.otf"; path = "Shake/SanFranciscoFont-master/SanFranciscoText-HeavyItalic.otf"; sourceTree = "<group>"; };
		349BB1211DB191F80070695E /* SanFranciscoText-Light.otf */ = {isa = PBXFileReference; lastKnownFileType = file; name = "SanFranciscoText-Light.otf"; path = "Shake/SanFranciscoFont-master/SanFranciscoText-Light.otf"; sourceTree = "<group>"; };
		349BB1221DB191F80070695E /* SanFranciscoText-LightItalic.otf */ = {isa = PBXFileReference; lastKnownFileType = file; name = "SanFranciscoText-LightItalic.otf"; path = "Shake/SanFranciscoFont-master/SanFranciscoText-LightItalic.otf"; sourceTree = "<group>"; };
		349BB1231DB191F80070695E /* SanFranciscoText-Medium.otf */ = {isa = PBXFileReference; lastKnownFileType = file; name = "SanFranciscoText-Medium.otf"; path = "Shake/SanFranciscoFont-master/SanFranciscoText-Medium.otf"; sourceTree = "<group>"; };
		349BB1241DB191F80070695E /* SanFranciscoText-MediumItalic.otf */ = {isa = PBXFileReference; lastKnownFileType = file; name = "SanFranciscoText-MediumItalic.otf"; path = "Shake/SanFranciscoFont-master/SanFranciscoText-MediumItalic.otf"; sourceTree = "<group>"; };
		349BB1251DB191F80070695E /* SanFranciscoText-Regular.otf */ = {isa = PBXFileReference; lastKnownFileType = file; name = "SanFranciscoText-Regular.otf"; path = "Shake/SanFranciscoFont-master/SanFranciscoText-Regular.otf"; sourceTree = "<group>"; };
		349BB1261DB191F80070695E /* SanFranciscoText-RegularItalic.otf */ = {isa = PBXFileReference; lastKnownFileType = file; name = "SanFranciscoText-RegularItalic.otf"; path = "Shake/SanFranciscoFont-master/SanFranciscoText-RegularItalic.otf"; sourceTree = "<group>"; };
		349BB1271DB191F80070695E /* SanFranciscoText-Semibold.otf */ = {isa = PBXFileReference; lastKnownFileType = file; name = "SanFranciscoText-Semibold.otf"; path = "Shake/SanFranciscoFont-master/SanFranciscoText-Semibold.otf"; sourceTree = "<group>"; };
		349BB1281DB191F80070695E /* SanFranciscoText-SemiboldItalic.otf */ = {isa = PBXFileReference; lastKnownFileType = file; name = "SanFranciscoText-SemiboldItalic.otf"; path = "Shake/SanFranciscoFont-master/SanFranciscoText-SemiboldItalic.otf"; sourceTree = "<group>"; };
		34D83D811DC289C8005A3EFC /* TypePicker.xib */ = {isa = PBXFileReference; fileEncoding = 4; lastKnownFileType = file.xib; path = TypePicker.xib; sourceTree = "<group>"; };
		34D83D831DC28B4A005A3EFC /* TypePicker.swift */ = {isa = PBXFileReference; fileEncoding = 4; lastKnownFileType = sourcecode.swift; path = TypePicker.swift; sourceTree = "<group>"; };
		58AD71C10A886FCA1ED3E2C1 /* Pods-Shake.debug.xcconfig */ = {isa = PBXFileReference; includeInIndex = 1; lastKnownFileType = text.xcconfig; name = "Pods-Shake.debug.xcconfig"; path = "Pods/Target Support Files/Pods-Shake/Pods-Shake.debug.xcconfig"; sourceTree = "<group>"; };
		AFF043A7DFB50B25B140AED8 /* Pods_Shake.framework */ = {isa = PBXFileReference; explicitFileType = wrapper.framework; includeInIndex = 0; path = Pods_Shake.framework; sourceTree = BUILT_PRODUCTS_DIR; };
		E72B55311CFD749B000CD07E /* Reachability.swift */ = {isa = PBXFileReference; fileEncoding = 4; lastKnownFileType = sourcecode.swift; path = Reachability.swift; sourceTree = "<group>"; };
		E75034931CFBA18A003F5625 /* Helper.swift */ = {isa = PBXFileReference; fileEncoding = 4; lastKnownFileType = sourcecode.swift; path = Helper.swift; sourceTree = "<group>"; };
		E75034951CFBAFC3003F5625 /* DestinationViewController.swift */ = {isa = PBXFileReference; fileEncoding = 4; lastKnownFileType = sourcecode.swift; path = DestinationViewController.swift; sourceTree = "<group>"; };
		E7A843181D0CE6AA0061C535 /* LocationView.swift */ = {isa = PBXFileReference; fileEncoding = 4; lastKnownFileType = sourcecode.swift; path = LocationView.swift; sourceTree = "<group>"; };
		E7F7CE9F1CFB8EAA00BA7F1D /* Shake.app */ = {isa = PBXFileReference; explicitFileType = wrapper.application; includeInIndex = 0; path = Shake.app; sourceTree = BUILT_PRODUCTS_DIR; };
		E7F7CEA21CFB8EAA00BA7F1D /* AppDelegate.swift */ = {isa = PBXFileReference; lastKnownFileType = sourcecode.swift; path = AppDelegate.swift; sourceTree = "<group>"; };
		E7F7CEA41CFB8EAA00BA7F1D /* ViewController.swift */ = {isa = PBXFileReference; lastKnownFileType = sourcecode.swift; path = ViewController.swift; sourceTree = "<group>"; };
		E7F7CEA71CFB8EAA00BA7F1D /* Base */ = {isa = PBXFileReference; lastKnownFileType = file.storyboard; name = Base; path = Base.lproj/Main.storyboard; sourceTree = "<group>"; };
		E7F7CEAA1CFB8EAA00BA7F1D /* Shake.xcdatamodel */ = {isa = PBXFileReference; lastKnownFileType = wrapper.xcdatamodel; path = Shake.xcdatamodel; sourceTree = "<group>"; };
		E7F7CEAC1CFB8EAA00BA7F1D /* Assets.xcassets */ = {isa = PBXFileReference; lastKnownFileType = folder.assetcatalog; path = Assets.xcassets; sourceTree = "<group>"; };
		E7F7CEAF1CFB8EAA00BA7F1D /* Base */ = {isa = PBXFileReference; lastKnownFileType = file.storyboard; name = Base; path = Base.lproj/LaunchScreen.storyboard; sourceTree = "<group>"; };
		E7F7CEB11CFB8EAA00BA7F1D /* Info.plist */ = {isa = PBXFileReference; lastKnownFileType = text.plist.xml; path = Info.plist; sourceTree = "<group>"; };
		E866DAD0BEBB3B0DCE284F94 /* Pods-Shake.release.xcconfig */ = {isa = PBXFileReference; includeInIndex = 1; lastKnownFileType = text.xcconfig; name = "Pods-Shake.release.xcconfig"; path = "Pods/Target Support Files/Pods-Shake/Pods-Shake.release.xcconfig"; sourceTree = "<group>"; };
/* End PBXFileReference section */

/* Begin PBXFrameworksBuildPhase section */
		E7F7CE9C1CFB8EAA00BA7F1D /* Frameworks */ = {
			isa = PBXFrameworksBuildPhase;
			buildActionMask = 2147483647;
			files = (
				1C4C6AB8747BCA291F316878 /* Pods_Shake.framework in Frameworks */,
			);
			runOnlyForDeploymentPostprocessing = 0;
		};
/* End PBXFrameworksBuildPhase section */

/* Begin PBXGroup section */
		34B6B38F1DB4295E00F2AE39 /* Resources */ = {
			isa = PBXGroup;
			children = (
				349BB1121DB191DD0070695E /* SanFranciscoFont-master */,
				349BB1141DB191F80070695E /* SanFranciscoDisplay-Black.otf */,
				349BB1151DB191F80070695E /* SanFranciscoDisplay-Bold.otf */,
				349BB1161DB191F80070695E /* SanFranciscoDisplay-Heavy.otf */,
				349BB1171DB191F80070695E /* SanFranciscoDisplay-Light.otf */,
				349BB1181DB191F80070695E /* SanFranciscoDisplay-Medium.otf */,
				349BB1191DB191F80070695E /* SanFranciscoDisplay-Regular.otf */,
				349BB11A1DB191F80070695E /* SanFranciscoDisplay-Semibold.otf */,
				349BB11B1DB191F80070695E /* SanFranciscoDisplay-Thin.otf */,
				349BB11C1DB191F80070695E /* SanFranciscoDisplay-Ultralight.otf */,
				349BB11D1DB191F80070695E /* SanFranciscoText-Bold.otf */,
				349BB11E1DB191F80070695E /* SanFranciscoText-BoldItalic.otf */,
				349BB11F1DB191F80070695E /* SanFranciscoText-Heavy.otf */,
				349BB1201DB191F80070695E /* SanFranciscoText-HeavyItalic.otf */,
				349BB1211DB191F80070695E /* SanFranciscoText-Light.otf */,
				349BB1221DB191F80070695E /* SanFranciscoText-LightItalic.otf */,
				349BB1231DB191F80070695E /* SanFranciscoText-Medium.otf */,
				349BB1241DB191F80070695E /* SanFranciscoText-MediumItalic.otf */,
				349BB1251DB191F80070695E /* SanFranciscoText-Regular.otf */,
				349BB1261DB191F80070695E /* SanFranciscoText-RegularItalic.otf */,
				349BB1271DB191F80070695E /* SanFranciscoText-Semibold.otf */,
				349BB1281DB191F80070695E /* SanFranciscoText-SemiboldItalic.otf */,
			);
			name = Resources;
			sourceTree = "<group>";
		};
		BFDCAF7E4C9CF52768864A6A /* Frameworks */ = {
			isa = PBXGroup;
			children = (
				AFF043A7DFB50B25B140AED8 /* Pods_Shake.framework */,
			);
			name = Frameworks;
			sourceTree = "<group>";
		};
		CD4F7DD5201939D31282E90A /* Pods */ = {
			isa = PBXGroup;
			children = (
				58AD71C10A886FCA1ED3E2C1 /* Pods-Shake.debug.xcconfig */,
				E866DAD0BEBB3B0DCE284F94 /* Pods-Shake.release.xcconfig */,
			);
			name = Pods;
			sourceTree = "<group>";
		};
		E7F7CE961CFB8EAA00BA7F1D = {
			isa = PBXGroup;
			children = (
				34B6B38F1DB4295E00F2AE39 /* Resources */,
				E7F7CEA11CFB8EAA00BA7F1D /* Shake */,
				E7F7CEA01CFB8EAA00BA7F1D /* Products */,
				CD4F7DD5201939D31282E90A /* Pods */,
				BFDCAF7E4C9CF52768864A6A /* Frameworks */,
			);
			sourceTree = "<group>";
		};
		E7F7CEA01CFB8EAA00BA7F1D /* Products */ = {
			isa = PBXGroup;
			children = (
				E7F7CE9F1CFB8EAA00BA7F1D /* Shake.app */,
			);
			name = Products;
			sourceTree = "<group>";
		};
		E7F7CEA11CFB8EAA00BA7F1D /* Shake */ = {
			isa = PBXGroup;
			children = (
				E7F7CEA21CFB8EAA00BA7F1D /* AppDelegate.swift */,
				E7F7CEA41CFB8EAA00BA7F1D /* ViewController.swift */,
				E75034951CFBAFC3003F5625 /* DestinationViewController.swift */,
				3459C2121E346DC2001DCDEC /* GoogleSearch.swift */,
				3484E0D91D9DA7DF00038F25 /* CosmosDistrib.swift */,
				E75034931CFBA18A003F5625 /* Helper.swift */,
				E72B55311CFD749B000CD07E /* Reachability.swift */,
				E7A843181D0CE6AA0061C535 /* LocationView.swift */,
				34D83D831DC28B4A005A3EFC /* TypePicker.swift */,
				342119741DC52C8900683982 /* DetailView.swift */,
				E7F7CEAE1CFB8EAA00BA7F1D /* LaunchScreen.storyboard */,
				E7F7CEA61CFB8EAA00BA7F1D /* Main.storyboard */,
				3484E0D71D9C49C100038F25 /* GPlace.xib */,
				34D83D811DC289C8005A3EFC /* TypePicker.xib */,
				E7F7CEAC1CFB8EAA00BA7F1D /* Assets.xcassets */,
				E7F7CEB11CFB8EAA00BA7F1D /* Info.plist */,
				E7F7CEA91CFB8EAA00BA7F1D /* Shake.xcdatamodeld */,
			);
			path = Shake;
			sourceTree = "<group>";
		};
/* End PBXGroup section */

/* Begin PBXNativeTarget section */
		E7F7CE9E1CFB8EAA00BA7F1D /* Shake */ = {
			isa = PBXNativeTarget;
			buildConfigurationList = E7F7CEB41CFB8EAA00BA7F1D /* Build configuration list for PBXNativeTarget "Shake" */;
			buildPhases = (
				D143773FC31A42AA0B7A3A37 /* [CP] Check Pods Manifest.lock */,
				E7F7CE9B1CFB8EAA00BA7F1D /* Sources */,
				E7F7CE9C1CFB8EAA00BA7F1D /* Frameworks */,
				E7F7CE9D1CFB8EAA00BA7F1D /* Resources */,
				B7406D1C5BBFB1FF88D7892F /* [CP] Embed Pods Frameworks */,
				8B4AB3E23CAEFE98E963F8A4 /* [CP] Copy Pods Resources */,
			);
			buildRules = (
			);
			dependencies = (
			);
			name = Shake;
			productName = Shake;
			productReference = E7F7CE9F1CFB8EAA00BA7F1D /* Shake.app */;
			productType = "com.apple.product-type.application";
		};
/* End PBXNativeTarget section */

/* Begin PBXProject section */
		E7F7CE971CFB8EAA00BA7F1D /* Project object */ = {
			isa = PBXProject;
			attributes = {
				LastSwiftUpdateCheck = 0730;
				LastUpgradeCheck = 0810;
				ORGANIZATIONNAME = "Tony Padilla";
				TargetAttributes = {
					E7F7CE9E1CFB8EAA00BA7F1D = {
						CreatedOnToolsVersion = 7.3;
						DevelopmentTeam = LXQPWHDUGR;
						LastSwiftMigration = 0800;
						ProvisioningStyle = Automatic;
					};
				};
			};
			buildConfigurationList = E7F7CE9A1CFB8EAA00BA7F1D /* Build configuration list for PBXProject "Shake" */;
			compatibilityVersion = "Xcode 3.2";
			developmentRegion = English;
			hasScannedForEncodings = 0;
			knownRegions = (
				en,
				Base,
			);
			mainGroup = E7F7CE961CFB8EAA00BA7F1D;
			productRefGroup = E7F7CEA01CFB8EAA00BA7F1D /* Products */;
			projectDirPath = "";
			projectRoot = "";
			targets = (
				E7F7CE9E1CFB8EAA00BA7F1D /* Shake */,
			);
		};
/* End PBXProject section */

/* Begin PBXResourcesBuildPhase section */
		E7F7CE9D1CFB8EAA00BA7F1D /* Resources */ = {
			isa = PBXResourcesBuildPhase;
			buildActionMask = 2147483647;
			files = (
				349BB1291DB191F80070695E /* SanFranciscoDisplay-Black.otf in Resources */,
				349BB12A1DB191F80070695E /* SanFranciscoDisplay-Bold.otf in Resources */,
				349BB12B1DB191F80070695E /* SanFranciscoDisplay-Heavy.otf in Resources */,
				349BB12C1DB191F80070695E /* SanFranciscoDisplay-Light.otf in Resources */,
				349BB12D1DB191F80070695E /* SanFranciscoDisplay-Medium.otf in Resources */,
				349BB12E1DB191F80070695E /* SanFranciscoDisplay-Regular.otf in Resources */,
				349BB12F1DB191F80070695E /* SanFranciscoDisplay-Semibold.otf in Resources */,
				349BB1301DB191F80070695E /* SanFranciscoDisplay-Thin.otf in Resources */,
				349BB1311DB191F80070695E /* SanFranciscoDisplay-Ultralight.otf in Resources */,
				349BB1321DB191F80070695E /* SanFranciscoText-Bold.otf in Resources */,
				349BB1331DB191F80070695E /* SanFranciscoText-BoldItalic.otf in Resources */,
				349BB1341DB191F80070695E /* SanFranciscoText-Heavy.otf in Resources */,
				349BB1351DB191F80070695E /* SanFranciscoText-HeavyItalic.otf in Resources */,
				349BB1361DB191F80070695E /* SanFranciscoText-Light.otf in Resources */,
				349BB1371DB191F80070695E /* SanFranciscoText-LightItalic.otf in Resources */,
				349BB1381DB191F80070695E /* SanFranciscoText-Medium.otf in Resources */,
				349BB1391DB191F80070695E /* SanFranciscoText-MediumItalic.otf in Resources */,
				349BB13A1DB191F80070695E /* SanFranciscoText-Regular.otf in Resources */,
				349BB13B1DB191F80070695E /* SanFranciscoText-RegularItalic.otf in Resources */,
				349BB13C1DB191F80070695E /* SanFranciscoText-Semibold.otf in Resources */,
				349BB13D1DB191F80070695E /* SanFranciscoText-SemiboldItalic.otf in Resources */,
				E7F7CEB01CFB8EAA00BA7F1D /* LaunchScreen.storyboard in Resources */,
				E7F7CEAD1CFB8EAA00BA7F1D /* Assets.xcassets in Resources */,
				34D83D821DC289C8005A3EFC /* TypePicker.xib in Resources */,
				E7F7CEA81CFB8EAA00BA7F1D /* Main.storyboard in Resources */,
				3484E0D81D9C49C100038F25 /* GPlace.xib in Resources */,
				349BB1131DB191DD0070695E /* SanFranciscoFont-master in Resources */,
			);
			runOnlyForDeploymentPostprocessing = 0;
		};
/* End PBXResourcesBuildPhase section */

/* Begin PBXShellScriptBuildPhase section */
		8B4AB3E23CAEFE98E963F8A4 /* [CP] Copy Pods Resources */ = {
			isa = PBXShellScriptBuildPhase;
			buildActionMask = 2147483647;
			files = (
			);
			inputPaths = (
			);
			name = "[CP] Copy Pods Resources";
			outputPaths = (
			);
			runOnlyForDeploymentPostprocessing = 0;
			shellPath = /bin/sh;
			shellScript = "\"${SRCROOT}/Pods/Target Support Files/Pods-Shake/Pods-Shake-resources.sh\"\n";
			showEnvVarsInLog = 0;
		};
		B7406D1C5BBFB1FF88D7892F /* [CP] Embed Pods Frameworks */ = {
			isa = PBXShellScriptBuildPhase;
			buildActionMask = 2147483647;
			files = (
			);
			inputPaths = (
			);
			name = "[CP] Embed Pods Frameworks";
			outputPaths = (
			);
			runOnlyForDeploymentPostprocessing = 0;
			shellPath = /bin/sh;
			shellScript = "\"${SRCROOT}/Pods/Target Support Files/Pods-Shake/Pods-Shake-frameworks.sh\"\n";
			showEnvVarsInLog = 0;
		};
		D143773FC31A42AA0B7A3A37 /* [CP] Check Pods Manifest.lock */ = {
			isa = PBXShellScriptBuildPhase;
			buildActionMask = 2147483647;
			files = (
			);
			inputPaths = (
			);
			name = "[CP] Check Pods Manifest.lock";
			outputPaths = (
			);
			runOnlyForDeploymentPostprocessing = 0;
			shellPath = /bin/sh;
			shellScript = "diff \"${PODS_ROOT}/../Podfile.lock\" \"${PODS_ROOT}/Manifest.lock\" > /dev/null\nif [ $? != 0 ] ; then\n    # print error to STDERR\n    echo \"error: The sandbox is not in sync with the Podfile.lock. Run 'pod install' or update your CocoaPods installation.\" >&2\n    exit 1\nfi\n";
			showEnvVarsInLog = 0;
		};
/* End PBXShellScriptBuildPhase section */

/* Begin PBXSourcesBuildPhase section */
		E7F7CE9B1CFB8EAA00BA7F1D /* Sources */ = {
			isa = PBXSourcesBuildPhase;
			buildActionMask = 2147483647;
			files = (
				E72B55321CFD749B000CD07E /* Reachability.swift in Sources */,
				3459C2131E346DC2001DCDEC /* GoogleSearch.swift in Sources */,
				342119751DC52C8900683982 /* DetailView.swift in Sources */,
				E7A843191D0CE6AA0061C535 /* LocationView.swift in Sources */,
				34D83D841DC28B4A005A3EFC /* TypePicker.swift in Sources */,
				E7F7CEAB1CFB8EAA00BA7F1D /* Shake.xcdatamodeld in Sources */,
				3484E0DA1D9DA7DF00038F25 /* CosmosDistrib.swift in Sources */,
				E7F7CEA51CFB8EAA00BA7F1D /* ViewController.swift in Sources */,
				E7F7CEA31CFB8EAA00BA7F1D /* AppDelegate.swift in Sources */,
				E75034941CFBA18A003F5625 /* Helper.swift in Sources */,
				E75034961CFBAFC3003F5625 /* DestinationViewController.swift in Sources */,
			);
			runOnlyForDeploymentPostprocessing = 0;
		};
/* End PBXSourcesBuildPhase section */

/* Begin PBXVariantGroup section */
		E7F7CEA61CFB8EAA00BA7F1D /* Main.storyboard */ = {
			isa = PBXVariantGroup;
			children = (
				E7F7CEA71CFB8EAA00BA7F1D /* Base */,
			);
			name = Main.storyboard;
			sourceTree = "<group>";
		};
		E7F7CEAE1CFB8EAA00BA7F1D /* LaunchScreen.storyboard */ = {
			isa = PBXVariantGroup;
			children = (
				E7F7CEAF1CFB8EAA00BA7F1D /* Base */,
			);
			name = LaunchScreen.storyboard;
			sourceTree = "<group>";
		};
/* End PBXVariantGroup section */

/* Begin XCBuildConfiguration section */
		E7F7CEB21CFB8EAA00BA7F1D /* Debug */ = {
			isa = XCBuildConfiguration;
			buildSettings = {
				ALWAYS_SEARCH_USER_PATHS = NO;
				CLANG_ANALYZER_NONNULL = YES;
				CLANG_CXX_LANGUAGE_STANDARD = "gnu++0x";
				CLANG_CXX_LIBRARY = "libc++";
				CLANG_ENABLE_MODULES = YES;
				CLANG_ENABLE_OBJC_ARC = YES;
				CLANG_WARN_BOOL_CONVERSION = YES;
				CLANG_WARN_CONSTANT_CONVERSION = YES;
				CLANG_WARN_DIRECT_OBJC_ISA_USAGE = YES_ERROR;
				CLANG_WARN_EMPTY_BODY = YES;
				CLANG_WARN_ENUM_CONVERSION = YES;
				CLANG_WARN_INFINITE_RECURSION = YES;
				CLANG_WARN_INT_CONVERSION = YES;
				CLANG_WARN_OBJC_ROOT_CLASS = YES_ERROR;
				CLANG_WARN_SUSPICIOUS_MOVE = YES;
				CLANG_WARN_UNREACHABLE_CODE = YES;
				CLANG_WARN__DUPLICATE_METHOD_MATCH = YES;
				"CODE_SIGN_IDENTITY[sdk=iphoneos*]" = "iPhone Developer";
				COPY_PHASE_STRIP = NO;
				DEBUG_INFORMATION_FORMAT = dwarf;
				ENABLE_STRICT_OBJC_MSGSEND = YES;
				ENABLE_TESTABILITY = YES;
				GCC_C_LANGUAGE_STANDARD = gnu99;
				GCC_DYNAMIC_NO_PIC = NO;
				GCC_NO_COMMON_BLOCKS = YES;
				GCC_OPTIMIZATION_LEVEL = 0;
				GCC_PREPROCESSOR_DEFINITIONS = (
					"DEBUG=1",
					"$(inherited)",
				);
				GCC_WARN_64_TO_32_BIT_CONVERSION = YES;
				GCC_WARN_ABOUT_RETURN_TYPE = YES_ERROR;
				GCC_WARN_UNDECLARED_SELECTOR = YES;
				GCC_WARN_UNINITIALIZED_AUTOS = YES_AGGRESSIVE;
				GCC_WARN_UNUSED_FUNCTION = YES;
				GCC_WARN_UNUSED_VARIABLE = YES;
				IPHONEOS_DEPLOYMENT_TARGET = 10.1;
				MTL_ENABLE_DEBUG_INFO = YES;
				ONLY_ACTIVE_ARCH = YES;
				SDKROOT = iphoneos;
				SWIFT_OPTIMIZATION_LEVEL = "-Onone";
				TARGETED_DEVICE_FAMILY = "1,2";
			};
			name = Debug;
		};
		E7F7CEB31CFB8EAA00BA7F1D /* Release */ = {
			isa = XCBuildConfiguration;
			buildSettings = {
				ALWAYS_SEARCH_USER_PATHS = NO;
				CLANG_ANALYZER_NONNULL = YES;
				CLANG_CXX_LANGUAGE_STANDARD = "gnu++0x";
				CLANG_CXX_LIBRARY = "libc++";
				CLANG_ENABLE_MODULES = YES;
				CLANG_ENABLE_OBJC_ARC = YES;
				CLANG_WARN_BOOL_CONVERSION = YES;
				CLANG_WARN_CONSTANT_CONVERSION = YES;
				CLANG_WARN_DIRECT_OBJC_ISA_USAGE = YES_ERROR;
				CLANG_WARN_EMPTY_BODY = YES;
				CLANG_WARN_ENUM_CONVERSION = YES;
				CLANG_WARN_INFINITE_RECURSION = YES;
				CLANG_WARN_INT_CONVERSION = YES;
				CLANG_WARN_OBJC_ROOT_CLASS = YES_ERROR;
				CLANG_WARN_SUSPICIOUS_MOVE = YES;
				CLANG_WARN_UNREACHABLE_CODE = YES;
				CLANG_WARN__DUPLICATE_METHOD_MATCH = YES;
				"CODE_SIGN_IDENTITY[sdk=iphoneos*]" = "iPhone Developer";
				COPY_PHASE_STRIP = NO;
				DEBUG_INFORMATION_FORMAT = "dwarf-with-dsym";
				ENABLE_NS_ASSERTIONS = NO;
				ENABLE_STRICT_OBJC_MSGSEND = YES;
				GCC_C_LANGUAGE_STANDARD = gnu99;
				GCC_NO_COMMON_BLOCKS = YES;
				GCC_WARN_64_TO_32_BIT_CONVERSION = YES;
				GCC_WARN_ABOUT_RETURN_TYPE = YES_ERROR;
				GCC_WARN_UNDECLARED_SELECTOR = YES;
				GCC_WARN_UNINITIALIZED_AUTOS = YES_AGGRESSIVE;
				GCC_WARN_UNUSED_FUNCTION = YES;
				GCC_WARN_UNUSED_VARIABLE = YES;
				IPHONEOS_DEPLOYMENT_TARGET = 10.1;
				MTL_ENABLE_DEBUG_INFO = NO;
				SDKROOT = iphoneos;
				SWIFT_OPTIMIZATION_LEVEL = "-Owholemodule";
				TARGETED_DEVICE_FAMILY = "1,2";
				VALIDATE_PRODUCT = YES;
			};
			name = Release;
		};
		E7F7CEB51CFB8EAA00BA7F1D /* Debug */ = {
			isa = XCBuildConfiguration;
			baseConfigurationReference = 58AD71C10A886FCA1ED3E2C1 /* Pods-Shake.debug.xcconfig */;
			buildSettings = {
				ALWAYS_EMBED_SWIFT_STANDARD_LIBRARIES = YES;
				ASSETCATALOG_COMPILER_APPICON_NAME = AppIcon;
				CLANG_ENABLE_MODULES = YES;
				CODE_SIGN_IDENTITY = "iPhone Developer";
				"CODE_SIGN_IDENTITY[sdk=iphoneos*]" = "iPhone Developer";
				DEVELOPMENT_TEAM = LXQPWHDUGR;
				INFOPLIST_FILE = Shake/Info.plist;
				IPHONEOS_DEPLOYMENT_TARGET = 10.0;
				LD_RUNPATH_SEARCH_PATHS = "$(inherited) @executable_path/Frameworks";
				PRODUCT_BUNDLE_IDENTIFIER = come.shake.for.convenience;
				PRODUCT_NAME = "$(TARGET_NAME)";
				PROVISIONING_PROFILE = "";
				PROVISIONING_PROFILE_SPECIFIER = "";
				SWIFT_OBJC_BRIDGING_HEADER = "Shake/Shake-Bridging-Header.h";
				SWIFT_OPTIMIZATION_LEVEL = "-Onone";
				SWIFT_VERSION = 3.0;
			};
			name = Debug;
		};
		E7F7CEB61CFB8EAA00BA7F1D /* Release */ = {
			isa = XCBuildConfiguration;
			baseConfigurationReference = E866DAD0BEBB3B0DCE284F94 /* Pods-Shake.release.xcconfig */;
			buildSettings = {
				ALWAYS_EMBED_SWIFT_STANDARD_LIBRARIES = YES;
				ASSETCATALOG_COMPILER_APPICON_NAME = AppIcon;
				CLANG_ENABLE_MODULES = YES;
				CODE_SIGN_IDENTITY = "iPhone Developer";
				"CODE_SIGN_IDENTITY[sdk=iphoneos*]" = "iPhone Developer";
				DEVELOPMENT_TEAM = LXQPWHDUGR;
				INFOPLIST_FILE = Shake/Info.plist;
				IPHONEOS_DEPLOYMENT_TARGET = 10.0;
				LD_RUNPATH_SEARCH_PATHS = "$(inherited) @executable_path/Frameworks";
				PRODUCT_BUNDLE_IDENTIFIER = come.shake.for.convenience;
				PRODUCT_NAME = "$(TARGET_NAME)";
				PROVISIONING_PROFILE = "";
				SWIFT_OBJC_BRIDGING_HEADER = "Shake/Shake-Bridging-Header.h";
				SWIFT_VERSION = 3.0;
			};
			name = Release;
		};
/* End XCBuildConfiguration section */

/* Begin XCConfigurationList section */
		E7F7CE9A1CFB8EAA00BA7F1D /* Build configuration list for PBXProject "Shake" */ = {
			isa = XCConfigurationList;
			buildConfigurations = (
				E7F7CEB21CFB8EAA00BA7F1D /* Debug */,
				E7F7CEB31CFB8EAA00BA7F1D /* Release */,
			);
			defaultConfigurationIsVisible = 0;
			defaultConfigurationName = Release;
		};
		E7F7CEB41CFB8EAA00BA7F1D /* Build configuration list for PBXNativeTarget "Shake" */ = {
			isa = XCConfigurationList;
			buildConfigurations = (
				E7F7CEB51CFB8EAA00BA7F1D /* Debug */,
				E7F7CEB61CFB8EAA00BA7F1D /* Release */,
			);
			defaultConfigurationIsVisible = 0;
			defaultConfigurationName = Release;
		};
/* End XCConfigurationList section */

/* Begin XCVersionGroup section */
		E7F7CEA91CFB8EAA00BA7F1D /* Shake.xcdatamodeld */ = {
			isa = XCVersionGroup;
			children = (
				E7F7CEAA1CFB8EAA00BA7F1D /* Shake.xcdatamodel */,
			);
			currentVersion = E7F7CEAA1CFB8EAA00BA7F1D /* Shake.xcdatamodel */;
			path = Shake.xcdatamodeld;
			sourceTree = "<group>";
			versionGroupType = wrapper.xcdatamodel;
		};
/* End XCVersionGroup section */
	};
	rootObject = E7F7CE971CFB8EAA00BA7F1D /* Project object */;
}
