PODS:
  - GoogleMaps (2.1.1):
    - GoogleMaps/Maps (= 2.1.1)
  - GoogleMaps/Base (2.1.1)
  - GoogleMaps/Maps (2.1.1):
    - GoogleMaps/Base

DEPENDENCIES:
  - GoogleMaps

SPEC REPOS:
  https://github.com/cocoapods/specs.git:
    - GoogleMaps

SPEC CHECKSUMS:
  GoogleMaps: a5b5bbe47734e2443bde781a6aa64e69fdb6d785

PODFILE CHECKSUM: 218b6f1593cd341fcdc4a9c11720d7b557b831ef

COCOAPODS: 1.6.1
